// !$*UTF8*$!
{
	archiveVersion = 1;
	classes = {
	};
	objectVersion = 55;
	objects = {

/* Begin PBXBuildFile section */
		038027F228659663006E9F1F /* AppDelegate.swift in Sources */ = {isa = PBXBuildFile; fileRef = 038027F128659663006E9F1F /* AppDelegate.swift */; };
		038027F428659663006E9F1F /* SceneDelegate.swift in Sources */ = {isa = PBXBuildFile; fileRef = 038027F328659663006E9F1F /* SceneDelegate.swift */; };
		038027F628659663006E9F1F /* ViewController.swift in Sources */ = {isa = PBXBuildFile; fileRef = 038027F528659663006E9F1F /* ViewController.swift */; };
		038027F928659663006E9F1F /* Main.storyboard in Resources */ = {isa = PBXBuildFile; fileRef = 038027F728659663006E9F1F /* Main.storyboard */; };
		038027FC28659663006E9F1F /* Messanger.xcdatamodeld in Sources */ = {isa = PBXBuildFile; fileRef = 038027FA28659663006E9F1F /* Messanger.xcdatamodeld */; };
		038027FE28659664006E9F1F /* Assets.xcassets in Resources */ = {isa = PBXBuildFile; fileRef = 038027FD28659664006E9F1F /* Assets.xcassets */; };
		0380280128659664006E9F1F /* LaunchScreen.storyboard in Resources */ = {isa = PBXBuildFile; fileRef = 038027FF28659664006E9F1F /* LaunchScreen.storyboard */; };
		0380280C28659664006E9F1F /* MessangerTests.swift in Sources */ = {isa = PBXBuildFile; fileRef = 0380280B28659664006E9F1F /* MessangerTests.swift */; };
		0380281628659665006E9F1F /* MessangerUITests.swift in Sources */ = {isa = PBXBuildFile; fileRef = 0380281528659665006E9F1F /* MessangerUITests.swift */; };
		0380281828659665006E9F1F /* MessangerUITestsLaunchTests.swift in Sources */ = {isa = PBXBuildFile; fileRef = 0380281728659665006E9F1F /* MessangerUITestsLaunchTests.swift */; };
/* End PBXBuildFile section */

/* Begin PBXContainerItemProxy section */
		0380280828659664006E9F1F /* PBXContainerItemProxy */ = {
			isa = PBXContainerItemProxy;
			containerPortal = 038027E628659663006E9F1F /* Project object */;
			proxyType = 1;
			remoteGlobalIDString = 038027ED28659663006E9F1F;
			remoteInfo = Messanger;
		};
		0380281228659665006E9F1F /* PBXContainerItemProxy */ = {
			isa = PBXContainerItemProxy;
			containerPortal = 038027E628659663006E9F1F /* Project object */;
			proxyType = 1;
			remoteGlobalIDString = 038027ED28659663006E9F1F;
			remoteInfo = Messanger;
		};
/* End PBXContainerItemProxy section */

/* Begin PBXFileReference section */
		038027EE28659663006E9F1F /* Messanger.app */ = {isa = PBXFileReference; explicitFileType = wrapper.application; includeInIndex = 0; path = Messanger.app; sourceTree = BUILT_PRODUCTS_DIR; };
		038027F128659663006E9F1F /* AppDelegate.swift */ = {isa = PBXFileReference; lastKnownFileType = sourcecode.swift; path = AppDelegate.swift; sourceTree = "<group>"; };
		038027F328659663006E9F1F /* SceneDelegate.swift */ = {isa = PBXFileReference; lastKnownFileType = sourcecode.swift; path = SceneDelegate.swift; sourceTree = "<group>"; };
		038027F528659663006E9F1F /* ViewController.swift */ = {isa = PBXFileReference; lastKnownFileType = sourcecode.swift; path = ViewController.swift; sourceTree = "<group>"; };
		038027F828659663006E9F1F /* Base */ = {isa = PBXFileReference; lastKnownFileType = file.storyboard; name = Base; path = Base.lproj/Main.storyboard; sourceTree = "<group>"; };
		038027FB28659663006E9F1F /* Messanger.xcdatamodel */ = {isa = PBXFileReference; lastKnownFileType = wrapper.xcdatamodel; path = Messanger.xcdatamodel; sourceTree = "<group>"; };
		038027FD28659664006E9F1F /* Assets.xcassets */ = {isa = PBXFileReference; lastKnownFileType = folder.assetcatalog; path = Assets.xcassets; sourceTree = "<group>"; };
		0380280028659664006E9F1F /* Base */ = {isa = PBXFileReference; lastKnownFileType = file.storyboard; name = Base; path = Base.lproj/LaunchScreen.storyboard; sourceTree = "<group>"; };
		0380280228659664006E9F1F /* Info.plist */ = {isa = PBXFileReference; lastKnownFileType = text.plist.xml; path = Info.plist; sourceTree = "<group>"; };
		0380280728659664006E9F1F /* MessangerTests.xctest */ = {isa = PBXFileReference; explicitFileType = wrapper.cfbundle; includeInIndex = 0; path = MessangerTests.xctest; sourceTree = BUILT_PRODUCTS_DIR; };
		0380280B28659664006E9F1F /* MessangerTests.swift */ = {isa = PBXFileReference; lastKnownFileType = sourcecode.swift; path = MessangerTests.swift; sourceTree = "<group>"; };
		0380281128659665006E9F1F /* MessangerUITests.xctest */ = {isa = PBXFileReference; explicitFileType = wrapper.cfbundle; includeInIndex = 0; path = MessangerUITests.xctest; sourceTree = BUILT_PRODUCTS_DIR; };
		0380281528659665006E9F1F /* MessangerUITests.swift */ = {isa = PBXFileReference; lastKnownFileType = sourcecode.swift; path = MessangerUITests.swift; sourceTree = "<group>"; };
		0380281728659665006E9F1F /* MessangerUITestsLaunchTests.swift */ = {isa = PBXFileReference; lastKnownFileType = sourcecode.swift; path = MessangerUITestsLaunchTests.swift; sourceTree = "<group>"; };
/* End PBXFileReference section */

/* Begin PBXFrameworksBuildPhase section */
		038027EB28659663006E9F1F /* Frameworks */ = {
			isa = PBXFrameworksBuildPhase;
			buildActionMask = 2147483647;
			files = (
			);
			runOnlyForDeploymentPostprocessing = 0;
		};
		0380280428659664006E9F1F /* Frameworks */ = {
			isa = PBXFrameworksBuildPhase;
			buildActionMask = 2147483647;
			files = (
			);
			runOnlyForDeploymentPostprocessing = 0;
		};
		0380280E28659665006E9F1F /* Frameworks */ = {
			isa = PBXFrameworksBuildPhase;
			buildActionMask = 2147483647;
			files = (
			);
			runOnlyForDeploymentPostprocessing = 0;
		};
/* End PBXFrameworksBuildPhase section */

/* Begin PBXGroup section */
		038027E528659663006E9F1F = {
			isa = PBXGroup;
			children = (
				038027F028659663006E9F1F /* Messanger */,
				0380280A28659664006E9F1F /* MessangerTests */,
				0380281428659665006E9F1F /* MessangerUITests */,
				038027EF28659663006E9F1F /* Products */,
			);
			sourceTree = "<group>";
		};
		038027EF28659663006E9F1F /* Products */ = {
			isa = PBXGroup;
			children = (
				038027EE28659663006E9F1F /* Messanger.app */,
				0380280728659664006E9F1F /* MessangerTests.xctest */,
				0380281128659665006E9F1F /* MessangerUITests.xctest */,
			);
			name = Products;
			sourceTree = "<group>";
		};
		038027F028659663006E9F1F /* Messanger */ = {
			isa = PBXGroup;
			children = (
				038027F128659663006E9F1F /* AppDelegate.swift */,
				038027F328659663006E9F1F /* SceneDelegate.swift */,
				038027F528659663006E9F1F /* ViewController.swift */,
				038027F728659663006E9F1F /* Main.storyboard */,
				038027FD28659664006E9F1F /* Assets.xcassets */,
				038027FF28659664006E9F1F /* LaunchScreen.storyboard */,
				0380280228659664006E9F1F /* Info.plist */,
				038027FA28659663006E9F1F /* Messanger.xcdatamodeld */,
			);
			path = Messanger;
			sourceTree = "<group>";
		};
		0380280A28659664006E9F1F /* MessangerTests */ = {
			isa = PBXGroup;
			children = (
				0380280B28659664006E9F1F /* MessangerTests.swift */,
			);
			path = MessangerTests;
			sourceTree = "<group>";
		};
		0380281428659665006E9F1F /* MessangerUITests */ = {
			isa = PBXGroup;
			children = (
				0380281528659665006E9F1F /* MessangerUITests.swift */,
				0380281728659665006E9F1F /* MessangerUITestsLaunchTests.swift */,
			);
			path = MessangerUITests;
			sourceTree = "<group>";
		};
/* End PBXGroup section */

/* Begin PBXNativeTarget section */
		038027ED28659663006E9F1F /* Messanger */ = {
			isa = PBXNativeTarget;
			buildConfigurationList = 0380281B28659665006E9F1F /* Build configuration list for PBXNativeTarget "Messanger" */;
			buildPhases = (
				038027EA28659663006E9F1F /* Sources */,
				038027EB28659663006E9F1F /* Frameworks */,
				038027EC28659663006E9F1F /* Resources */,
			);
			buildRules = (
			);
			dependencies = (
			);
			name = Messanger;
			productName = Messanger;
			productReference = 038027EE28659663006E9F1F /* Messanger.app */;
			productType = "com.apple.product-type.application";
		};
		0380280628659664006E9F1F /* MessangerTests */ = {
			isa = PBXNativeTarget;
			buildConfigurationList = 0380281E28659665006E9F1F /* Build configuration list for PBXNativeTarget "MessangerTests" */;
			buildPhases = (
				0380280328659664006E9F1F /* Sources */,
				0380280428659664006E9F1F /* Frameworks */,
				0380280528659664006E9F1F /* Resources */,
			);
			buildRules = (
			);
			dependencies = (
				0380280928659664006E9F1F /* PBXTargetDependency */,
			);
			name = MessangerTests;
			productName = MessangerTests;
			productReference = 0380280728659664006E9F1F /* MessangerTests.xctest */;
			productType = "com.apple.product-type.bundle.unit-test";
		};
		0380281028659665006E9F1F /* MessangerUITests */ = {
			isa = PBXNativeTarget;
			buildConfigurationList = 0380282128659665006E9F1F /* Build configuration list for PBXNativeTarget "MessangerUITests" */;
			buildPhases = (
				0380280D28659665006E9F1F /* Sources */,
				0380280E28659665006E9F1F /* Frameworks */,
				0380280F28659665006E9F1F /* Resources */,
			);
			buildRules = (
			);
			dependencies = (
				0380281328659665006E9F1F /* PBXTargetDependency */,
			);
			name = MessangerUITests;
			productName = MessangerUITests;
			productReference = 0380281128659665006E9F1F /* MessangerUITests.xctest */;
			productType = "com.apple.product-type.bundle.ui-testing";
		};
/* End PBXNativeTarget section */

/* Begin PBXProject section */
		038027E628659663006E9F1F /* Project object */ = {
			isa = PBXProject;
			attributes = {
				BuildIndependentTargetsInParallel = 1;
				LastSwiftUpdateCheck = 1340;
				LastUpgradeCheck = 1340;
				TargetAttributes = {
					038027ED28659663006E9F1F = {
						CreatedOnToolsVersion = 13.4.1;
					};
					0380280628659664006E9F1F = {
						CreatedOnToolsVersion = 13.4.1;
						TestTargetID = 038027ED28659663006E9F1F;
					};
					0380281028659665006E9F1F = {
						CreatedOnToolsVersion = 13.4.1;
						TestTargetID = 038027ED28659663006E9F1F;
					};
				};
			};
			buildConfigurationList = 038027E928659663006E9F1F /* Build configuration list for PBXProject "Messanger" */;
			compatibilityVersion = "Xcode 13.0";
			developmentRegion = en;
			hasScannedForEncodings = 0;
			knownRegions = (
				en,
				Base,
			);
			mainGroup = 038027E528659663006E9F1F;
			productRefGroup = 038027EF28659663006E9F1F /* Products */;
			projectDirPath = "";
			projectRoot = "";
			targets = (
				038027ED28659663006E9F1F /* Messanger */,
				0380280628659664006E9F1F /* MessangerTests */,
				0380281028659665006E9F1F /* MessangerUITests */,
			);
		};
/* End PBXProject section */

/* Begin PBXResourcesBuildPhase section */
		038027EC28659663006E9F1F /* Resources */ = {
			isa = PBXResourcesBuildPhase;
			buildActionMask = 2147483647;
			files = (
				0380280128659664006E9F1F /* LaunchScreen.storyboard in Resources */,
				038027FE28659664006E9F1F /* Assets.xcassets in Resources */,
				038027F928659663006E9F1F /* Main.storyboard in Resources */,
			);
			runOnlyForDeploymentPostprocessing = 0;
		};
		0380280528659664006E9F1F /* Resources */ = {
			isa = PBXResourcesBuildPhase;
			buildActionMask = 2147483647;
			files = (
			);
			runOnlyForDeploymentPostprocessing = 0;
		};
		0380280F28659665006E9F1F /* Resources */ = {
			isa = PBXResourcesBuildPhase;
			buildActionMask = 2147483647;
			files = (
			);
			runOnlyForDeploymentPostprocessing = 0;
		};
/* End PBXResourcesBuildPhase section */

/* Begin PBXSourcesBuildPhase section */
		038027EA28659663006E9F1F /* Sources */ = {
			isa = PBXSourcesBuildPhase;
			buildActionMask = 2147483647;
			files = (
				038027F628659663006E9F1F /* ViewController.swift in Sources */,
				038027F228659663006E9F1F /* AppDelegate.swift in Sources */,
				038027F428659663006E9F1F /* SceneDelegate.swift in Sources */,
				038027FC28659663006E9F1F /* Messanger.xcdatamodeld in Sources */,
			);
			runOnlyForDeploymentPostprocessing = 0;
		};
		0380280328659664006E9F1F /* Sources */ = {
			isa = PBXSourcesBuildPhase;
			buildActionMask = 2147483647;
			files = (
				0380280C28659664006E9F1F /* MessangerTests.swift in Sources */,
			);
			runOnlyForDeploymentPostprocessing = 0;
		};
		0380280D28659665006E9F1F /* Sources */ = {
			isa = PBXSourcesBuildPhase;
			buildActionMask = 2147483647;
			files = (
				0380281828659665006E9F1F /* MessangerUITestsLaunchTests.swift in Sources */,
				0380281628659665006E9F1F /* MessangerUITests.swift in Sources */,
			);
			runOnlyForDeploymentPostprocessing = 0;
		};
/* End PBXSourcesBuildPhase section */

/* Begin PBXTargetDependency section */
		0380280928659664006E9F1F /* PBXTargetDependency */ = {
			isa = PBXTargetDependency;
			target = 038027ED28659663006E9F1F /* Messanger */;
			targetProxy = 0380280828659664006E9F1F /* PBXContainerItemProxy */;
		};
		0380281328659665006E9F1F /* PBXTargetDependency */ = {
			isa = PBXTargetDependency;
			target = 038027ED28659663006E9F1F /* Messanger */;
			targetProxy = 0380281228659665006E9F1F /* PBXContainerItemProxy */;
		};
/* End PBXTargetDependency section */

/* Begin PBXVariantGroup section */
		038027F728659663006E9F1F /* Main.storyboard */ = {
			isa = PBXVariantGroup;
			children = (
				038027F828659663006E9F1F /* Base */,
			);
			name = Main.storyboard;
			sourceTree = "<group>";
		};
		038027FF28659664006E9F1F /* LaunchScreen.storyboard */ = {
			isa = PBXVariantGroup;
			children = (
				0380280028659664006E9F1F /* Base */,
			);
			name = LaunchScreen.storyboard;
			sourceTree = "<group>";
		};
/* End PBXVariantGroup section */

/* Begin XCBuildConfiguration section */
		0380281928659665006E9F1F /* Debug */ = {
			isa = XCBuildConfiguration;
			buildSettings = {
				ALWAYS_SEARCH_USER_PATHS = NO;
				CLANG_ANALYZER_NONNULL = YES;
				CLANG_ANALYZER_NUMBER_OBJECT_CONVERSION = YES_AGGRESSIVE;
				CLANG_CXX_LANGUAGE_STANDARD = "gnu++17";
				CLANG_ENABLE_MODULES = YES;
				CLANG_ENABLE_OBJC_ARC = YES;
				CLANG_ENABLE_OBJC_WEAK = YES;
				CLANG_WARN_BLOCK_CAPTURE_AUTORELEASING = YES;
				CLANG_WARN_BOOL_CONVERSION = YES;
				CLANG_WARN_COMMA = YES;
				CLANG_WARN_CONSTANT_CONVERSION = YES;
				CLANG_WARN_DEPRECATED_OBJC_IMPLEMENTATIONS = YES;
				CLANG_WARN_DIRECT_OBJC_ISA_USAGE = YES_ERROR;
				CLANG_WARN_DOCUMENTATION_COMMENTS = YES;
				CLANG_WARN_EMPTY_BODY = YES;
				CLANG_WARN_ENUM_CONVERSION = YES;
				CLANG_WARN_INFINITE_RECURSION = YES;
				CLANG_WARN_INT_CONVERSION = YES;
				CLANG_WARN_NON_LITERAL_NULL_CONVERSION = YES;
				CLANG_WARN_OBJC_IMPLICIT_RETAIN_SELF = YES;
				CLANG_WARN_OBJC_LITERAL_CONVERSION = YES;
				CLANG_WARN_OBJC_ROOT_CLASS = YES_ERROR;
				CLANG_WARN_QUOTED_INCLUDE_IN_FRAMEWORK_HEADER = YES;
				CLANG_WARN_RANGE_LOOP_ANALYSIS = YES;
				CLANG_WARN_STRICT_PROTOTYPES = YES;
				CLANG_WARN_SUSPICIOUS_MOVE = YES;
				CLANG_WARN_UNGUARDED_AVAILABILITY = YES_AGGRESSIVE;
				CLANG_WARN_UNREACHABLE_CODE = YES;
				CLANG_WARN__DUPLICATE_METHOD_MATCH = YES;
				COPY_PHASE_STRIP = NO;
				DEBUG_INFORMATION_FORMAT = dwarf;
				ENABLE_STRICT_OBJC_MSGSEND = YES;
				ENABLE_TESTABILITY = YES;
				GCC_C_LANGUAGE_STANDARD = gnu11;
				GCC_DYNAMIC_NO_PIC = NO;
				GCC_NO_COMMON_BLOCKS = YES;
				GCC_OPTIMIZATION_LEVEL = 0;
				GCC_PREPROCESSOR_DEFINITIONS = (
					"DEBUG=1",
					"$(inherited)",
				);
				GCC_WARN_64_TO_32_BIT_CONVERSION = YES;
				GCC_WARN_ABOUT_RETURN_TYPE = YES_ERROR;
				GCC_WARN_UNDECLARED_SELECTOR = YES;
				GCC_WARN_UNINITIALIZED_AUTOS = YES_AGGRESSIVE;
				GCC_WARN_UNUSED_FUNCTION = YES;
				GCC_WARN_UNUSED_VARIABLE = YES;
				IPHONEOS_DEPLOYMENT_TARGET = 15.5;
				MTL_ENABLE_DEBUG_INFO = INCLUDE_SOURCE;
				MTL_FAST_MATH = YES;
				ONLY_ACTIVE_ARCH = YES;
				SDKROOT = iphoneos;
				SWIFT_ACTIVE_COMPILATION_CONDITIONS = DEBUG;
				SWIFT_OPTIMIZATION_LEVEL = "-Onone";
			};
			name = Debug;
		};
		0380281A28659665006E9F1F /* Release */ = {
			isa = XCBuildConfiguration;
			buildSettings = {
				ALWAYS_SEARCH_USER_PATHS = NO;
				CLANG_ANALYZER_NONNULL = YES;
				CLANG_ANALYZER_NUMBER_OBJECT_CONVERSION = YES_AGGRESSIVE;
				CLANG_CXX_LANGUAGE_STANDARD = "gnu++17";
				CLANG_ENABLE_MODULES = YES;
				CLANG_ENABLE_OBJC_ARC = YES;
				CLANG_ENABLE_OBJC_WEAK = YES;
				CLANG_WARN_BLOCK_CAPTURE_AUTORELEASING = YES;
				CLANG_WARN_BOOL_CONVERSION = YES;
				CLANG_WARN_COMMA = YES;
				CLANG_WARN_CONSTANT_CONVERSION = YES;
				CLANG_WARN_DEPRECATED_OBJC_IMPLEMENTATIONS = YES;
				CLANG_WARN_DIRECT_OBJC_ISA_USAGE = YES_ERROR;
				CLANG_WARN_DOCUMENTATION_COMMENTS = YES;
				CLANG_WARN_EMPTY_BODY = YES;
				CLANG_WARN_ENUM_CONVERSION = YES;
				CLANG_WARN_INFINITE_RECURSION = YES;
				CLANG_WARN_INT_CONVERSION = YES;
				CLANG_WARN_NON_LITERAL_NULL_CONVERSION = YES;
				CLANG_WARN_OBJC_IMPLICIT_RETAIN_SELF = YES;
				CLANG_WARN_OBJC_LITERAL_CONVERSION = YES;
				CLANG_WARN_OBJC_ROOT_CLASS = YES_ERROR;
				CLANG_WARN_QUOTED_INCLUDE_IN_FRAMEWORK_HEADER = YES;
				CLANG_WARN_RANGE_LOOP_ANALYSIS = YES;
				CLANG_WARN_STRICT_PROTOTYPES = YES;
				CLANG_WARN_SUSPICIOUS_MOVE = YES;
				CLANG_WARN_UNGUARDED_AVAILABILITY = YES_AGGRESSIVE;
				CLANG_WARN_UNREACHABLE_CODE = YES;
				CLANG_WARN__DUPLICATE_METHOD_MATCH = YES;
				COPY_PHASE_STRIP = NO;
				DEBUG_INFORMATION_FORMAT = "dwarf-with-dsym";
				ENABLE_NS_ASSERTIONS = NO;
				ENABLE_STRICT_OBJC_MSGSEND = YES;
				GCC_C_LANGUAGE_STANDARD = gnu11;
				GCC_NO_COMMON_BLOCKS = YES;
				GCC_WARN_64_TO_32_BIT_CONVERSION = YES;
				GCC_WARN_ABOUT_RETURN_TYPE = YES_ERROR;
				GCC_WARN_UNDECLARED_SELECTOR = YES;
				GCC_WARN_UNINITIALIZED_AUTOS = YES_AGGRESSIVE;
				GCC_WARN_UNUSED_FUNCTION = YES;
				GCC_WARN_UNUSED_VARIABLE = YES;
				IPHONEOS_DEPLOYMENT_TARGET = 15.5;
				MTL_ENABLE_DEBUG_INFO = NO;
				MTL_FAST_MATH = YES;
				SDKROOT = iphoneos;
				SWIFT_COMPILATION_MODE = wholemodule;
				SWIFT_OPTIMIZATION_LEVEL = "-O";
				VALIDATE_PRODUCT = YES;
			};
			name = Release;
		};
		0380281C28659665006E9F1F /* Debug */ = {
			isa = XCBuildConfiguration;
			buildSettings = {
				ASSETCATALOG_COMPILER_APPICON_NAME = AppIcon;
				ASSETCATALOG_COMPILER_GLOBAL_ACCENT_COLOR_NAME = AccentColor;
				CODE_SIGN_STYLE = Automatic;
				CURRENT_PROJECT_VERSION = 1;
				GENERATE_INFOPLIST_FILE = YES;
				INFOPLIST_FILE = Messanger/Info.plist;
				INFOPLIST_KEY_UIApplicationSupportsIndirectInputEvents = YES;
				INFOPLIST_KEY_UILaunchStoryboardName = LaunchScreen;
				INFOPLIST_KEY_UIMainStoryboardFile = Main;
				INFOPLIST_KEY_UISupportedInterfaceOrientations_iPad = "UIInterfaceOrientationPortrait UIInterfaceOrientationPortraitUpsideDown UIInterfaceOrientationLandscapeLeft UIInterfaceOrientationLandscapeRight";
				INFOPLIST_KEY_UISupportedInterfaceOrientations_iPhone = "UIInterfaceOrientationPortrait UIInterfaceOrientationLandscapeLeft UIInterfaceOrientationLandscapeRight";
				LD_RUNPATH_SEARCH_PATHS = (
					"$(inherited)",
					"@executable_path/Frameworks",
				);
				MARKETING_VERSION = 1.0;
				PRODUCT_BUNDLE_IDENTIFIER = SUMIT.Messanger.Messanger;
				PRODUCT_NAME = "$(TARGET_NAME)";
				SWIFT_EMIT_LOC_STRINGS = YES;
				SWIFT_VERSION = 5.0;
				TARGETED_DEVICE_FAMILY = "1,2";
			};
			name = Debug;
		};
		0380281D28659665006E9F1F /* Release */ = {
			isa = XCBuildConfiguration;
			buildSettings = {
				ASSETCATALOG_COMPILER_APPICON_NAME = AppIcon;
				ASSETCATALOG_COMPILER_GLOBAL_ACCENT_COLOR_NAME = AccentColor;
				CODE_SIGN_STYLE = Automatic;
				CURRENT_PROJECT_VERSION = 1;
				GENERATE_INFOPLIST_FILE = YES;
				INFOPLIST_FILE = Messanger/Info.plist;
				INFOPLIST_KEY_UIApplicationSupportsIndirectInputEvents = YES;
				INFOPLIST_KEY_UILaunchStoryboardName = LaunchScreen;
				INFOPLIST_KEY_UIMainStoryboardFile = Main;
				INFOPLIST_KEY_UISupportedInterfaceOrientations_iPad = "UIInterfaceOrientationPortrait UIInterfaceOrientationPortraitUpsideDown UIInterfaceOrientationLandscapeLeft UIInterfaceOrientationLandscapeRight";
				INFOPLIST_KEY_UISupportedInterfaceOrientations_iPhone = "UIInterfaceOrientationPortrait UIInterfaceOrientationLandscapeLeft UIInterfaceOrientationLandscapeRight";
				LD_RUNPATH_SEARCH_PATHS = (
					"$(inherited)",
					"@executable_path/Frameworks",
				);
				MARKETING_VERSION = 1.0;
				PRODUCT_BUNDLE_IDENTIFIER = SUMIT.Messanger.Messanger;
				PRODUCT_NAME = "$(TARGET_NAME)";
				SWIFT_EMIT_LOC_STRINGS = YES;
				SWIFT_VERSION = 5.0;
				TARGETED_DEVICE_FAMILY = "1,2";
			};
			name = Release;
		};
		0380281F28659665006E9F1F /* Debug */ = {
			isa = XCBuildConfiguration;
			buildSettings = {
				ALWAYS_EMBED_SWIFT_STANDARD_LIBRARIES = YES;
				BUNDLE_LOADER = "$(TEST_HOST)";
				CODE_SIGN_STYLE = Automatic;
				CURRENT_PROJECT_VERSION = 1;
				GENERATE_INFOPLIST_FILE = YES;
				IPHONEOS_DEPLOYMENT_TARGET = 15.5;
				MARKETING_VERSION = 1.0;
				PRODUCT_BUNDLE_IDENTIFIER = SUMIT.Messanger.MessangerTests;
				PRODUCT_NAME = "$(TARGET_NAME)";
				SWIFT_EMIT_LOC_STRINGS = NO;
				SWIFT_VERSION = 5.0;
				TARGETED_DEVICE_FAMILY = "1,2";
				TEST_HOST = "$(BUILT_PRODUCTS_DIR)/Messanger.app/Messanger";
			};
			name = Debug;
		};
		0380282028659665006E9F1F /* Release */ = {
			isa = XCBuildConfiguration;
			buildSettings = {
				ALWAYS_EMBED_SWIFT_STANDARD_LIBRARIES = YES;
				BUNDLE_LOADER = "$(TEST_HOST)";
				CODE_SIGN_STYLE = Automatic;
				CURRENT_PROJECT_VERSION = 1;
				GENERATE_INFOPLIST_FILE = YES;
				IPHONEOS_DEPLOYMENT_TARGET = 15.5;
				MARKETING_VERSION = 1.0;
				PRODUCT_BUNDLE_IDENTIFIER = SUMIT.Messanger.MessangerTests;
				PRODUCT_NAME = "$(TARGET_NAME)";
				SWIFT_EMIT_LOC_STRINGS = NO;
				SWIFT_VERSION = 5.0;
				TARGETED_DEVICE_FAMILY = "1,2";
				TEST_HOST = "$(BUILT_PRODUCTS_DIR)/Messanger.app/Messanger";
			};
			name = Release;
		};
		0380282228659665006E9F1F /* Debug */ = {
			isa = XCBuildConfiguration;
			buildSettings = {
				ALWAYS_EMBED_SWIFT_STANDARD_LIBRARIES = YES;
				CODE_SIGN_STYLE = Automatic;
				CURRENT_PROJECT_VERSION = 1;
				GENERATE_INFOPLIST_FILE = YES;
				MARKETING_VERSION = 1.0;
				PRODUCT_BUNDLE_IDENTIFIER = SUMIT.Messanger.MessangerUITests;
				PRODUCT_NAME = "$(TARGET_NAME)";
				SWIFT_EMIT_LOC_STRINGS = NO;
				SWIFT_VERSION = 5.0;
				TARGETED_DEVICE_FAMILY = "1,2";
				TEST_TARGET_NAME = Messanger;
			};
			name = Debug;
		};
		0380282328659665006E9F1F /* Release */ = {
			isa = XCBuildConfiguration;
			buildSettings = {
				ALWAYS_EMBED_SWIFT_STANDARD_LIBRARIES = YES;
				CODE_SIGN_STYLE = Automatic;
				CURRENT_PROJECT_VERSION = 1;
				GENERATE_INFOPLIST_FILE = YES;
				MARKETING_VERSION = 1.0;
				PRODUCT_BUNDLE_IDENTIFIER = SUMIT.Messanger.MessangerUITests;
				PRODUCT_NAME = "$(TARGET_NAME)";
				SWIFT_EMIT_LOC_STRINGS = NO;
				SWIFT_VERSION = 5.0;
				TARGETED_DEVICE_FAMILY = "1,2";
				TEST_TARGET_NAME = Messanger;
			};
			name = Release;
		};
/* End XCBuildConfiguration section */

/* Begin XCConfigurationList section */
		038027E928659663006E9F1F /* Build configuration list for PBXProject "Messanger" */ = {
			isa = XCConfigurationList;
			buildConfigurations = (
				0380281928659665006E9F1F /* Debug */,
				0380281A28659665006E9F1F /* Release */,
			);
			defaultConfigurationIsVisible = 0;
			defaultConfigurationName = Release;
		};
		0380281B28659665006E9F1F /* Build configuration list for PBXNativeTarget "Messanger" */ = {
			isa = XCConfigurationList;
			buildConfigurations = (
				0380281C28659665006E9F1F /* Debug */,
				0380281D28659665006E9F1F /* Release */,
			);
			defaultConfigurationIsVisible = 0;
			defaultConfigurationName = Release;
		};
		0380281E28659665006E9F1F /* Build configuration list for PBXNativeTarget "MessangerTests" */ = {
			isa = XCConfigurationList;
			buildConfigurations = (
				0380281F28659665006E9F1F /* Debug */,
				0380282028659665006E9F1F /* Release */,
			);
			defaultConfigurationIsVisible = 0;
			defaultConfigurationName = Release;
		};
		0380282128659665006E9F1F /* Build configuration list for PBXNativeTarget "MessangerUITests" */ = {
			isa = XCConfigurationList;
			buildConfigurations = (
				0380282228659665006E9F1F /* Debug */,
				0380282328659665006E9F1F /* Release */,
			);
			defaultConfigurationIsVisible = 0;
			defaultConfigurationName = Release;
		};
/* End XCConfigurationList section */

/* Begin XCVersionGroup section */
		038027FA28659663006E9F1F /* Messanger.xcdatamodeld */ = {
			isa = XCVersionGroup;
			children = (
				038027FB28659663006E9F1F /* Messanger.xcdatamodel */,
			);
			currentVersion = 038027FB28659663006E9F1F /* Messanger.xcdatamodel */;
			path = Messanger.xcdatamodeld;
			sourceTree = "<group>";
			versionGroupType = wrapper.xcdatamodel;
		};
/* End XCVersionGroup section */
	};
	rootObject = 038027E628659663006E9F1F /* Project object */;
}
